
Microsoft Visual Studio Solution File, Format Version 12.00
# Visual Studio 2013
VisualStudioVersion = 12.0.40629.0
MinimumVisualStudioVersion = 10.0.40219.1
Project("{8BC9CEB8-8B4A-11D0-8D11-00A0C91BC942}") = "PointCloudTool", "PointCloudTool\PointCloudTool.vcxproj", "{4A6EB188-893B-4795-B379-8A670E8BCEF6}"
EndProject
Project("{8BC9CEB8-8B4A-11D0-8D11-00A0C91BC942}") = "QColorTool", "QColorTool\QColorTool.vcxproj", "{B12702AD-ABFB-343A-A199-8E24837244A3}"
EndProject
Project("{8BC9CEB8-8B4A-11D0-8D11-00A0C91BC942}") = "PdfReport", "PdfReport\PdfReport.vcxproj", "{12306943-310E-41F6-BB7A-A8B572C55FFC}"
EndProject
Project("{8BC9CEB8-8B4A-11D0-8D11-00A0C91BC942}") = "MergePointCloud", "MergePointCloud\MergePointCloud.vcxproj", "{40089B44-73E4-4982-A4C6-8B98DF237B8F}"
EndProject
Project("{8BC9CEB8-8B4A-11D0-8D11-00A0C91BC942}") = "MainControl", "MainControl\MainControl.vcxproj", "{58CDD847-DE3B-439A-8D48-D2B4F3EDD692}"
EndProject
Global
	GlobalSection(SolutionConfigurationPlatforms) = preSolution
		Debug|Win32 = Debug|Win32
		Debug|x64 = Debug|x64
		Release|Win32 = Release|Win32
		Release|x64 = Release|x64
	EndGlobalSection
	GlobalSection(ProjectConfigurationPlatforms) = postSolution
		{4A6EB188-893B-4795-B379-8A670E8BCEF6}.Debug|Win32.ActiveCfg = Debug|x64
		{4A6EB188-893B-4795-B379-8A670E8BCEF6}.Debug|x64.ActiveCfg = Debug|x64
		{4A6EB188-893B-4795-B379-8A670E8BCEF6}.Debug|x64.Build.0 = Debug|x64
		{4A6EB188-893B-4795-B379-8A670E8BCEF6}.Release|Win32.ActiveCfg = Release|x64
		{4A6EB188-893B-4795-B379-8A670E8BCEF6}.Release|Win32.Build.0 = Release|x64
		{4A6EB188-893B-4795-B379-8A670E8BCEF6}.Release|x64.ActiveCfg = Release|x64
		{4A6EB188-893B-4795-B379-8A670E8BCEF6}.Release|x64.Build.0 = Release|x64
		{B12702AD-ABFB-343A-A199-8E24837244A3}.Debug|Win32.ActiveCfg = Debug|x64
		{B12702AD-ABFB-343A-A199-8E24837244A3}.Debug|x64.ActiveCfg = Debug|x64
		{B12702AD-ABFB-343A-A199-8E24837244A3}.Debug|x64.Build.0 = Debug|x64
		{B12702AD-ABFB-343A-A199-8E24837244A3}.Release|Win32.ActiveCfg = Release|x64
		{B12702AD-ABFB-343A-A199-8E24837244A3}.Release|x64.ActiveCfg = Release|x64
		{B12702AD-ABFB-343A-A199-8E24837244A3}.Release|x64.Build.0 = Release|x64
		{12306943-310E-41F6-BB7A-A8B572C55FFC}.Debug|Win32.ActiveCfg = Debug|x64
		{12306943-310E-41F6-BB7A-A8B572C55FFC}.Debug|x64.ActiveCfg = Debug|x64
		{12306943-310E-41F6-BB7A-A8B572C55FFC}.Debug|x64.Build.0 = Debug|x64
		{12306943-310E-41F6-BB7A-A8B572C55FFC}.Release|Win32.ActiveCfg = Release|x64
		{12306943-310E-41F6-BB7A-A8B572C55FFC}.Release|x64.ActiveCfg = Release|x64
		{12306943-310E-41F6-BB7A-A8B572C55FFC}.Release|x64.Build.0 = Release|x64
		{40089B44-73E4-4982-A4C6-8B98DF237B8F}.Debug|Win32.ActiveCfg = Debug|x64
		{40089B44-73E4-4982-A4C6-8B98DF237B8F}.Debug|x64.ActiveCfg = Debug|x64
		{40089B44-73E4-4982-A4C6-8B98DF237B8F}.Debug|x64.Build.0 = Debug|x64
		{40089B44-73E4-4982-A4C6-8B98DF237B8F}.Release|Win32.ActiveCfg = Release|x64
		{40089B44-73E4-4982-A4C6-8B98DF237B8F}.Release|x64.ActiveCfg = Release|x64
		{40089B44-73E4-4982-A4C6-8B98DF237B8F}.Release|x64.Build.0 = Release|x64
		{58CDD847-DE3B-439A-8D48-D2B4F3EDD692}.Debug|Win32.ActiveCfg = Debug|x64
		{58CDD847-DE3B-439A-8D48-D2B4F3EDD692}.Debug|x64.ActiveCfg = Debug|x64
		{58CDD847-DE3B-439A-8D48-D2B4F3EDD692}.Debug|x64.Build.0 = Debug|x64
		{58CDD847-DE3B-439A-8D48-D2B4F3EDD692}.Release|Win32.ActiveCfg = Release|x64
		{58CDD847-DE3B-439A-8D48-D2B4F3EDD692}.Release|x64.ActiveCfg = Release|x64
		{58CDD847-DE3B-439A-8D48-D2B4F3EDD692}.Release|x64.Build.0 = Release|x64
	EndGlobalSection
	GlobalSection(SolutionProperties) = preSolution
		HideSolutionNode = FALSE
	EndGlobalSection
EndGlobal
